// !$*UTF8*$!
{
	archiveVersion = 1;
	classes = {
	};
	objectVersion = 46;
	objects = {

/* Begin PBXBuildFile section */
		28BF29E01D98C0F6008DD349 /* AppDelegate.swift in Sources */ = {isa = PBXBuildFile; fileRef = 28BF29DF1D98C0F6008DD349 /* AppDelegate.swift */; };
		28BF29E21D98C0F6008DD349 /* ViewController.swift in Sources */ = {isa = PBXBuildFile; fileRef = 28BF29E11D98C0F6008DD349 /* ViewController.swift */; };
		28BF29E51D98C0F6008DD349 /* Main.storyboard in Resources */ = {isa = PBXBuildFile; fileRef = 28BF29E31D98C0F6008DD349 /* Main.storyboard */; };
		28BF29E81D98C0F6008DD349 /* Inventory.xcdatamodeld in Sources */ = {isa = PBXBuildFile; fileRef = 28BF29E61D98C0F6008DD349 /* Inventory.xcdatamodeld */; };
		28BF29EA1D98C0F6008DD349 /* Assets.xcassets in Resources */ = {isa = PBXBuildFile; fileRef = 28BF29E91D98C0F6008DD349 /* Assets.xcassets */; };
		28BF29ED1D98C0F6008DD349 /* LaunchScreen.storyboard in Resources */ = {isa = PBXBuildFile; fileRef = 28BF29EB1D98C0F6008DD349 /* LaunchScreen.storyboard */; };
		28BF2A1E1D991033008DD349 /* InventorySession+CoreDataClass.swift in Sources */ = {isa = PBXBuildFile; fileRef = 28BF2A171D991033008DD349 /* InventorySession+CoreDataClass.swift */; };
		28BF2A1F1D991033008DD349 /* InventorySession+CoreDataProperties.swift in Sources */ = {isa = PBXBuildFile; fileRef = 28BF2A181D991033008DD349 /* InventorySession+CoreDataProperties.swift */; };
		28BF2A201D991033008DD349 /* NSManagedObjectExtension.swift in Sources */ = {isa = PBXBuildFile; fileRef = 28BF2A191D991033008DD349 /* NSManagedObjectExtension.swift */; };
		28BF2A211D991033008DD349 /* Product+CoreDataClass.swift in Sources */ = {isa = PBXBuildFile; fileRef = 28BF2A1A1D991033008DD349 /* Product+CoreDataClass.swift */; };
		28BF2A221D991033008DD349 /* Product+CoreDataProperties.swift in Sources */ = {isa = PBXBuildFile; fileRef = 28BF2A1B1D991033008DD349 /* Product+CoreDataProperties.swift */; };
		28BF2A231D991033008DD349 /* ProductInventory+CoreDataClass.swift in Sources */ = {isa = PBXBuildFile; fileRef = 28BF2A1C1D991033008DD349 /* ProductInventory+CoreDataClass.swift */; };
		28BF2A241D991033008DD349 /* ProductInventory+CoreDataProperties.swift in Sources */ = {isa = PBXBuildFile; fileRef = 28BF2A1D1D991033008DD349 /* ProductInventory+CoreDataProperties.swift */; };
/* End PBXBuildFile section */

/* Begin PBXFileReference section */
		28BF29DC1D98C0F6008DD349 /* Inventory.app */ = {isa = PBXFileReference; explicitFileType = wrapper.application; includeInIndex = 0; path = Inventory.app; sourceTree = BUILT_PRODUCTS_DIR; };
		28BF29DF1D98C0F6008DD349 /* AppDelegate.swift */ = {isa = PBXFileReference; lastKnownFileType = sourcecode.swift; path = AppDelegate.swift; sourceTree = "<group>"; };
		28BF29E11D98C0F6008DD349 /* ViewController.swift */ = {isa = PBXFileReference; lastKnownFileType = sourcecode.swift; path = ViewController.swift; sourceTree = "<group>"; };
		28BF29E41D98C0F6008DD349 /* Base */ = {isa = PBXFileReference; lastKnownFileType = file.storyboard; name = Base; path = Base.lproj/Main.storyboard; sourceTree = "<group>"; };
		28BF29E71D98C0F6008DD349 /* Inventory.xcdatamodel */ = {isa = PBXFileReference; lastKnownFileType = wrapper.xcdatamodel; path = Inventory.xcdatamodel; sourceTree = "<group>"; };
		28BF29E91D98C0F6008DD349 /* Assets.xcassets */ = {isa = PBXFileReference; lastKnownFileType = folder.assetcatalog; path = Assets.xcassets; sourceTree = "<group>"; };
		28BF29EC1D98C0F6008DD349 /* Base */ = {isa = PBXFileReference; lastKnownFileType = file.storyboard; name = Base; path = Base.lproj/LaunchScreen.storyboard; sourceTree = "<group>"; };
		28BF29EE1D98C0F6008DD349 /* Info.plist */ = {isa = PBXFileReference; lastKnownFileType = text.plist.xml; path = Info.plist; sourceTree = "<group>"; };
		28BF2A171D991033008DD349 /* InventorySession+CoreDataClass.swift */ = {isa = PBXFileReference; fileEncoding = 4; lastKnownFileType = sourcecode.swift; path = "InventorySession+CoreDataClass.swift"; sourceTree = "<group>"; };
		28BF2A181D991033008DD349 /* InventorySession+CoreDataProperties.swift */ = {isa = PBXFileReference; fileEncoding = 4; lastKnownFileType = sourcecode.swift; path = "InventorySession+CoreDataProperties.swift"; sourceTree = "<group>"; };
		28BF2A191D991033008DD349 /* NSManagedObjectExtension.swift */ = {isa = PBXFileReference; fileEncoding = 4; lastKnownFileType = sourcecode.swift; path = NSManagedObjectExtension.swift; sourceTree = "<group>"; };
		28BF2A1A1D991033008DD349 /* Product+CoreDataClass.swift */ = {isa = PBXFileReference; fileEncoding = 4; lastKnownFileType = sourcecode.swift; path = "Product+CoreDataClass.swift"; sourceTree = "<group>"; };
		28BF2A1B1D991033008DD349 /* Product+CoreDataProperties.swift */ = {isa = PBXFileReference; fileEncoding = 4; lastKnownFileType = sourcecode.swift; path = "Product+CoreDataProperties.swift"; sourceTree = "<group>"; };
		28BF2A1C1D991033008DD349 /* ProductInventory+CoreDataClass.swift */ = {isa = PBXFileReference; fileEncoding = 4; lastKnownFileType = sourcecode.swift; path = "ProductInventory+CoreDataClass.swift"; sourceTree = "<group>"; };
		28BF2A1D1D991033008DD349 /* ProductInventory+CoreDataProperties.swift */ = {isa = PBXFileReference; fileEncoding = 4; lastKnownFileType = sourcecode.swift; path = "ProductInventory+CoreDataProperties.swift"; sourceTree = "<group>"; };
/* End PBXFileReference section */

/* Begin PBXFrameworksBuildPhase section */
		28BF29D91D98C0F6008DD349 /* Frameworks */ = {
			isa = PBXFrameworksBuildPhase;
			buildActionMask = 2147483647;
			files = (
			);
			runOnlyForDeploymentPostprocessing = 0;
		};
/* End PBXFrameworksBuildPhase section */

/* Begin PBXGroup section */
		28BF29D31D98C0F6008DD349 = {
			isa = PBXGroup;
			children = (
				28BF29DE1D98C0F6008DD349 /* Inventory */,
				28BF29DD1D98C0F6008DD349 /* Products */,
			);
			sourceTree = "<group>";
		};
		28BF29DD1D98C0F6008DD349 /* Products */ = {
			isa = PBXGroup;
			children = (
				28BF29DC1D98C0F6008DD349 /* Inventory.app */,
			);
			name = Products;
			sourceTree = "<group>";
		};
		28BF29DE1D98C0F6008DD349 /* Inventory */ = {
			isa = PBXGroup;
			children = (
				28BF2A011D990AC1008DD349 /* Sources */,
				28BF29DF1D98C0F6008DD349 /* AppDelegate.swift */,
				28BF29E11D98C0F6008DD349 /* ViewController.swift */,
				28BF29E31D98C0F6008DD349 /* Main.storyboard */,
				28BF29E91D98C0F6008DD349 /* Assets.xcassets */,
				28BF29EB1D98C0F6008DD349 /* LaunchScreen.storyboard */,
				28BF29EE1D98C0F6008DD349 /* Info.plist */,
				28BF29E61D98C0F6008DD349 /* Inventory.xcdatamodeld */,
			);
			path = Inventory;
			sourceTree = "<group>";
		};
		28BF2A011D990AC1008DD349 /* Sources */ = {
			isa = PBXGroup;
			children = (
				28BF2A251D991037008DD349 /* Entity */,
			);
			path = Sources;
			sourceTree = SOURCE_ROOT;
		};
		28BF2A251D991037008DD349 /* Entity */ = {
			isa = PBXGroup;
			children = (
				28BF2A171D991033008DD349 /* InventorySession+CoreDataClass.swift */,
				28BF2A181D991033008DD349 /* InventorySession+CoreDataProperties.swift */,
				28BF2A1A1D991033008DD349 /* Product+CoreDataClass.swift */,
				28BF2A1B1D991033008DD349 /* Product+CoreDataProperties.swift */,
				28BF2A1C1D991033008DD349 /* ProductInventory+CoreDataClass.swift */,
				28BF2A1D1D991033008DD349 /* ProductInventory+CoreDataProperties.swift */,
				28BF2A191D991033008DD349 /* NSManagedObjectExtension.swift */,
			);
			name = Entity;
			sourceTree = "<group>";
		};
/* End PBXGroup section */

/* Begin PBXNativeTarget section */
		28BF29DB1D98C0F6008DD349 /* Inventory */ = {
			isa = PBXNativeTarget;
			buildConfigurationList = 28BF29F11D98C0F6008DD349 /* Build configuration list for PBXNativeTarget "Inventory" */;
			buildPhases = (
				28BF29D81D98C0F6008DD349 /* Sources */,
				28BF29D91D98C0F6008DD349 /* Frameworks */,
				28BF29DA1D98C0F6008DD349 /* Resources */,
			);
			buildRules = (
			);
			dependencies = (
			);
			name = Inventory;
			productName = Inventory;
			productReference = 28BF29DC1D98C0F6008DD349 /* Inventory.app */;
			productType = "com.apple.product-type.application";
		};
/* End PBXNativeTarget section */

/* Begin PBXProject section */
		28BF29D41D98C0F6008DD349 /* Project object */ = {
			isa = PBXProject;
			attributes = {
				LastSwiftUpdateCheck = 0800;
				LastUpgradeCheck = 0800;
				ORGANIZATIONNAME = Hung;
				TargetAttributes = {
					28BF29DB1D98C0F6008DD349 = {
						CreatedOnToolsVersion = 8.0;
						ProvisioningStyle = Automatic;
					};
				};
			};
			buildConfigurationList = 28BF29D71D98C0F6008DD349 /* Build configuration list for PBXProject "Inventory" */;
			compatibilityVersion = "Xcode 3.2";
			developmentRegion = English;
			hasScannedForEncodings = 0;
			knownRegions = (
				en,
				Base,
			);
			mainGroup = 28BF29D31D98C0F6008DD349;
			productRefGroup = 28BF29DD1D98C0F6008DD349 /* Products */;
			projectDirPath = "";
			projectRoot = "";
			targets = (
				28BF29DB1D98C0F6008DD349 /* Inventory */,
			);
		};
/* End PBXProject section */

/* Begin PBXResourcesBuildPhase section */
		28BF29DA1D98C0F6008DD349 /* Resources */ = {
			isa = PBXResourcesBuildPhase;
			buildActionMask = 2147483647;
			files = (
				28BF29ED1D98C0F6008DD349 /* LaunchScreen.storyboard in Resources */,
				28BF29EA1D98C0F6008DD349 /* Assets.xcassets in Resources */,
				28BF29E51D98C0F6008DD349 /* Main.storyboard in Resources */,
			);
			runOnlyForDeploymentPostprocessing = 0;
		};
/* End PBXResourcesBuildPhase section */

/* Begin PBXSourcesBuildPhase section */
		28BF29D81D98C0F6008DD349 /* Sources */ = {
			isa = PBXSourcesBuildPhase;
			buildActionMask = 2147483647;
			files = (
				28BF29E81D98C0F6008DD349 /* Inventory.xcdatamodeld in Sources */,
				28BF2A231D991033008DD349 /* ProductInventory+CoreDataClass.swift in Sources */,
				28BF2A1E1D991033008DD349 /* InventorySession+CoreDataClass.swift in Sources */,
				28BF29E21D98C0F6008DD349 /* ViewController.swift in Sources */,
				28BF2A211D991033008DD349 /* Product+CoreDataClass.swift in Sources */,
				28BF2A201D991033008DD349 /* NSManagedObjectExtension.swift in Sources */,
				28BF2A241D991033008DD349 /* ProductInventory+CoreDataProperties.swift in Sources */,
				28BF29E01D98C0F6008DD349 /* AppDelegate.swift in Sources */,
				28BF2A221D991033008DD349 /* Product+CoreDataProperties.swift in Sources */,
				28BF2A1F1D991033008DD349 /* InventorySession+CoreDataProperties.swift in Sources */,
			);
			runOnlyForDeploymentPostprocessing = 0;
		};
/* End PBXSourcesBuildPhase section */

/* Begin PBXVariantGroup section */
		28BF29E31D98C0F6008DD349 /* Main.storyboard */ = {
			isa = PBXVariantGroup;
			children = (
				28BF29E41D98C0F6008DD349 /* Base */,
			);
			name = Main.storyboard;
			sourceTree = "<group>";
		};
		28BF29EB1D98C0F6008DD349 /* LaunchScreen.storyboard */ = {
			isa = PBXVariantGroup;
			children = (
				28BF29EC1D98C0F6008DD349 /* Base */,
			);
			name = LaunchScreen.storyboard;
			sourceTree = "<group>";
		};
/* End PBXVariantGroup section */

/* Begin XCBuildConfiguration section */
		28BF29EF1D98C0F6008DD349 /* Debug */ = {
			isa = XCBuildConfiguration;
			buildSettings = {
				ALWAYS_SEARCH_USER_PATHS = NO;
				CLANG_ANALYZER_NONNULL = YES;
				CLANG_CXX_LANGUAGE_STANDARD = "gnu++0x";
				CLANG_CXX_LIBRARY = "libc++";
				CLANG_ENABLE_MODULES = YES;
				CLANG_ENABLE_OBJC_ARC = YES;
				CLANG_WARN_BOOL_CONVERSION = YES;
				CLANG_WARN_CONSTANT_CONVERSION = YES;
				CLANG_WARN_DIRECT_OBJC_ISA_USAGE = YES_ERROR;
				CLANG_WARN_DOCUMENTATION_COMMENTS = YES;
				CLANG_WARN_EMPTY_BODY = YES;
				CLANG_WARN_ENUM_CONVERSION = YES;
				CLANG_WARN_INFINITE_RECURSION = YES;
				CLANG_WARN_INT_CONVERSION = YES;
				CLANG_WARN_OBJC_ROOT_CLASS = YES_ERROR;
				CLANG_WARN_SUSPICIOUS_MOVES = YES;
				CLANG_WARN_UNREACHABLE_CODE = YES;
				CLANG_WARN__DUPLICATE_METHOD_MATCH = YES;
				"CODE_SIGN_IDENTITY[sdk=iphoneos*]" = "iPhone Developer";
				COPY_PHASE_STRIP = NO;
				DEBUG_INFORMATION_FORMAT = dwarf;
				ENABLE_STRICT_OBJC_MSGSEND = YES;
				ENABLE_TESTABILITY = YES;
				GCC_C_LANGUAGE_STANDARD = gnu99;
				GCC_DYNAMIC_NO_PIC = NO;
				GCC_NO_COMMON_BLOCKS = YES;
				GCC_OPTIMIZATION_LEVEL = 0;
				GCC_PREPROCESSOR_DEFINITIONS = (
					"DEBUG=1",
					"$(inherited)",
				);
				GCC_WARN_64_TO_32_BIT_CONVERSION = YES;
				GCC_WARN_ABOUT_RETURN_TYPE = YES_ERROR;
				GCC_WARN_UNDECLARED_SELECTOR = YES;
				GCC_WARN_UNINITIALIZED_AUTOS = YES_AGGRESSIVE;
				GCC_WARN_UNUSED_FUNCTION = YES;
				GCC_WARN_UNUSED_VARIABLE = YES;
				IPHONEOS_DEPLOYMENT_TARGET = 10.0;
				MTL_ENABLE_DEBUG_INFO = YES;
				ONLY_ACTIVE_ARCH = YES;
				SDKROOT = iphoneos;
				SWIFT_ACTIVE_COMPILATION_CONDITIONS = DEBUG;
				SWIFT_OPTIMIZATION_LEVEL = "-Onone";
				TARGETED_DEVICE_FAMILY = "1,2";
			};
			name = Debug;
		};
		28BF29F01D98C0F6008DD349 /* Release */ = {
			isa = XCBuildConfiguration;
			buildSettings = {
				ALWAYS_SEARCH_USER_PATHS = NO;
				CLANG_ANALYZER_NONNULL = YES;
				CLANG_CXX_LANGUAGE_STANDARD = "gnu++0x";
				CLANG_CXX_LIBRARY = "libc++";
				CLANG_ENABLE_MODULES = YES;
				CLANG_ENABLE_OBJC_ARC = YES;
				CLANG_WARN_BOOL_CONVERSION = YES;
				CLANG_WARN_CONSTANT_CONVERSION = YES;
				CLANG_WARN_DIRECT_OBJC_ISA_USAGE = YES_ERROR;
				CLANG_WARN_DOCUMENTATION_COMMENTS = YES;
				CLANG_WARN_EMPTY_BODY = YES;
				CLANG_WARN_ENUM_CONVERSION = YES;
				CLANG_WARN_INFINITE_RECURSION = YES;
				CLANG_WARN_INT_CONVERSION = YES;
				CLANG_WARN_OBJC_ROOT_CLASS = YES_ERROR;
				CLANG_WARN_SUSPICIOUS_MOVES = YES;
				CLANG_WARN_UNREACHABLE_CODE = YES;
				CLANG_WARN__DUPLICATE_METHOD_MATCH = YES;
				"CODE_SIGN_IDENTITY[sdk=iphoneos*]" = "iPhone Developer";
				COPY_PHASE_STRIP = NO;
				DEBUG_INFORMATION_FORMAT = "dwarf-with-dsym";
				ENABLE_NS_ASSERTIONS = NO;
				ENABLE_STRICT_OBJC_MSGSEND = YES;
				GCC_C_LANGUAGE_STANDARD = gnu99;
				GCC_NO_COMMON_BLOCKS = YES;
				GCC_WARN_64_TO_32_BIT_CONVERSION = YES;
				GCC_WARN_ABOUT_RETURN_TYPE = YES_ERROR;
				GCC_WARN_UNDECLARED_SELECTOR = YES;
				GCC_WARN_UNINITIALIZED_AUTOS = YES_AGGRESSIVE;
				GCC_WARN_UNUSED_FUNCTION = YES;
				GCC_WARN_UNUSED_VARIABLE = YES;
				IPHONEOS_DEPLOYMENT_TARGET = 10.0;
				MTL_ENABLE_DEBUG_INFO = NO;
				SDKROOT = iphoneos;
				SWIFT_OPTIMIZATION_LEVEL = "-Owholemodule";
				TARGETED_DEVICE_FAMILY = "1,2";
				VALIDATE_PRODUCT = YES;
			};
			name = Release;
		};
		28BF29F21D98C0F6008DD349 /* Debug */ = {
			isa = XCBuildConfiguration;
			buildSettings = {
				ASSETCATALOG_COMPILER_APPICON_NAME = AppIcon;
				INFOPLIST_FILE = Inventory/Info.plist;
				LD_RUNPATH_SEARCH_PATHS = "$(inherited) @executable_path/Frameworks";
				PRODUCT_BUNDLE_IDENTIFIER = com.Inventory;
				PRODUCT_NAME = "$(TARGET_NAME)";
				SWIFT_VERSION = 3.0;
			};
			name = Debug;
		};
		28BF29F31D98C0F6008DD349 /* Release */ = {
			isa = XCBuildConfiguration;
			buildSettings = {
				ASSETCATALOG_COMPILER_APPICON_NAME = AppIcon;
				INFOPLIST_FILE = Inventory/Info.plist;
				LD_RUNPATH_SEARCH_PATHS = "$(inherited) @executable_path/Frameworks";
				PRODUCT_BUNDLE_IDENTIFIER = com.Inventory;
				PRODUCT_NAME = "$(TARGET_NAME)";
				SWIFT_VERSION = 3.0;
			};
			name = Release;
		};
/* End XCBuildConfiguration section */

/* Begin XCConfigurationList section */
		28BF29D71D98C0F6008DD349 /* Build configuration list for PBXProject "Inventory" */ = {
			isa = XCConfigurationList;
			buildConfigurations = (
				28BF29EF1D98C0F6008DD349 /* Debug */,
				28BF29F01D98C0F6008DD349 /* Release */,
			);
			defaultConfigurationIsVisible = 0;
			defaultConfigurationName = Release;
		};
		28BF29F11D98C0F6008DD349 /* Build configuration list for PBXNativeTarget "Inventory" */ = {
			isa = XCConfigurationList;
			buildConfigurations = (
				28BF29F21D98C0F6008DD349 /* Debug */,
				28BF29F31D98C0F6008DD349 /* Release */,
			);
			defaultConfigurationIsVisible = 0;
		};
/* End XCConfigurationList section */

/* Begin XCVersionGroup section */
		28BF29E61D98C0F6008DD349 /* Inventory.xcdatamodeld */ = {
			isa = XCVersionGroup;
			children = (
				28BF29E71D98C0F6008DD349 /* Inventory.xcdatamodel */,
			);
			currentVersion = 28BF29E71D98C0F6008DD349 /* Inventory.xcdatamodel */;
			path = Inventory.xcdatamodeld;
			sourceTree = "<group>";
			versionGroupType = wrapper.xcdatamodel;
		};
/* End XCVersionGroup section */
	};
	rootObject = 28BF29D41D98C0F6008DD349 /* Project object */;
}
